
Microsoft Visual Studio Solution File, Format Version 12.00
# Visual Studio 15
VisualStudioVersion = 15.0.26730.12
MinimumVisualStudioVersion = 10.0.40219.1
Project("{8BC9CEB8-8B4A-11D0-8D11-00A0C91BC942}") = "radius", "radius\radius.vcxproj", "{3EF7598C-81DD-4737-A06F-BDCD0C37B496}"
EndProject
Global
	GlobalSection(SolutionConfigurationPlatforms) = preSolution
		Debug|x64 = Debug|x64
		Debug|x86 = Debug|x86
		Release|x64 = Release|x64
		Release|x86 = Release|x86
	EndGlobalSection
	GlobalSection(ProjectConfigurationPlatforms) = postSolution
		{3EF7598C-81DD-4737-A06F-BDCD0C37B496}.Debug|x64.ActiveCfg = Debug|x64
		{3EF7598C-81DD-4737-A06F-BDCD0C37B496}.Debug|x64.Build.0 = Debug|x64
		{3EF7598C-81DD-4737-A06F-BDCD0C37B496}.Debug|x86.ActiveCfg = Debug|Win32
		{3EF7598C-81DD-4737-A06F-BDCD0C37B496}.Debug|x86.Build.0 = Debug|Win32
		{3EF7598C-81DD-4737-A06F-BDCD0C37B496}.Release|x64.ActiveCfg = Release|x64
		{3EF7598C-81DD-4737-A06F-BDCD0C37B496}.Release|x64.Build.0 = Release|x64
		{3EF7598C-81DD-4737-A06F-BDCD0C37B496}.Release|x86.ActiveCfg = Release|Win32
		{3EF7598C-81DD-4737-A06F-BDCD0C37B496}.Release|x86.Build.0 = Release|Win32
	EndGlobalSection
	GlobalSection(SolutionProperties) = preSolution
		HideSolutionNode = FALSE
	EndGlobalSection
	GlobalSection(ExtensibilityGlobals) = postSolution
		SolutionGuid = {F89D77AD-6EFA-42A6-8079-90F8ED82F5B4}
	EndGlobalSection
EndGlobal
